PODS:
  - MTConfirmOrderServiceProtocol (0.0.1)
  - MTGoodsDetailServiceProtocol (0.0.1)
  - MTProtocolManager (0.0.1)

DEPENDENCIES:
  - MTConfirmOrderServiceProtocol
  - MTGoodsDetailServiceProtocol
  - MTProtocolManager

SPEC CHECKSUMS:
  MTConfirmOrderServiceProtocol: f09d4169872d59178679fd28dff36996c2e4869e
  MTGoodsDetailServiceProtocol: 1ae38a1721990c8c23560a371f0295f2eaad1491
  MTProtocolManager: da0fe1682cd5302769d2239a008dc7cdf9f628fa

PODFILE CHECKSUM: 419b97bf03baa377f99121c763b8759a3c8a0db4

COCOAPODS: 1.3.1
